// !$*UTF8*$!
{
	archiveVersion = 1;
	classes = {
	};
	objectVersion = 55;
	objects = {

/* Begin PBXBuildFile section */
		25BDEBCC2804050700D7DEE1 /* AppDelegate.swift in Sources */ = {isa = PBXBuildFile; fileRef = 25BDEBCB2804050700D7DEE1 /* AppDelegate.swift */; };
		25BDEBD52804050A00D7DEE1 /* Assets.xcassets in Resources */ = {isa = PBXBuildFile; fileRef = 25BDEBD42804050A00D7DEE1 /* Assets.xcassets */; };
		25BDEBD82804050A00D7DEE1 /* LaunchScreen.storyboard in Resources */ = {isa = PBXBuildFile; fileRef = 25BDEBD62804050A00D7DEE1 /* LaunchScreen.storyboard */; };
		25BDEBE12804076100D7DEE1 /* BarItemView.swift in Sources */ = {isa = PBXBuildFile; fileRef = 25BDEBE02804076100D7DEE1 /* BarItemView.swift */; };
		25BDEBE32804077E00D7DEE1 /* CardTabBarView.swift in Sources */ = {isa = PBXBuildFile; fileRef = 25BDEBE22804077E00D7DEE1 /* CardTabBarView.swift */; };
		25BDEBE52804079A00D7DEE1 /* CardTabBarController.swift in Sources */ = {isa = PBXBuildFile; fileRef = 25BDEBE42804079A00D7DEE1 /* CardTabBarController.swift */; };
		25BDEBE7280407BE00D7DEE1 /* Ex+.swift in Sources */ = {isa = PBXBuildFile; fileRef = 25BDEBE6280407BE00D7DEE1 /* Ex+.swift */; };
		25BDEC1328040EB700D7DEE1 /* LoginViewController.swift in Sources */ = {isa = PBXBuildFile; fileRef = 25BDEC1128040EB700D7DEE1 /* LoginViewController.swift */; };
		25BDEC1528040EB700D7DEE1 /* LoginViewController.xib in Resources */ = {isa = PBXBuildFile; fileRef = 25BDEC1228040EB700D7DEE1 /* LoginViewController.xib */; };
		25BDEC1828040EF000D7DEE1 /* LabelViewController.swift in Sources */ = {isa = PBXBuildFile; fileRef = 25BDEC1728040EF000D7DEE1 /* LabelViewController.swift */; };
		25BDEC1B28040F1200D7DEE1 /* ListViewController.swift in Sources */ = {isa = PBXBuildFile; fileRef = 25BDEC1A28040F1200D7DEE1 /* ListViewController.swift */; };
		25BDEC1F28040F4F00D7DEE1 /* ViewController2.swift in Sources */ = {isa = PBXBuildFile; fileRef = 25BDEC1D28040F4F00D7DEE1 /* ViewController2.swift */; };
		25BDEC2128040F4F00D7DEE1 /* ViewController2.xib in Resources */ = {isa = PBXBuildFile; fileRef = 25BDEC1E28040F4F00D7DEE1 /* ViewController2.xib */; };
		25BDEC2428040FC400D7DEE1 /* Color.xcassets in Resources */ = {isa = PBXBuildFile; fileRef = 25BDEC2328040FC400D7DEE1 /* Color.xcassets */; };
		25BDEC2A280410D000D7DEE1 /* TabBarController.swift in Sources */ = {isa = PBXBuildFile; fileRef = 25BDEC29280410CF00D7DEE1 /* TabBarController.swift */; };
/* End PBXBuildFile section */

/* Begin PBXCopyFilesBuildPhase section */
		25BDEC0928040D5400D7DEE1 /* Embed Frameworks */ = {
			isa = PBXCopyFilesBuildPhase;
			buildActionMask = 2147483647;
			dstPath = "";
			dstSubfolderSpec = 10;
			files = (
			);
			name = "Embed Frameworks";
			runOnlyForDeploymentPostprocessing = 0;
		};
/* End PBXCopyFilesBuildPhase section */

/* Begin PBXFileReference section */
		25BDEBC82804050700D7DEE1 /* Tabbar.app */ = {isa = PBXFileReference; explicitFileType = wrapper.application; includeInIndex = 0; path = Tabbar.app; sourceTree = BUILT_PRODUCTS_DIR; };
		25BDEBCB2804050700D7DEE1 /* AppDelegate.swift */ = {isa = PBXFileReference; lastKnownFileType = sourcecode.swift; path = AppDelegate.swift; sourceTree = "<group>"; };
		25BDEBD42804050A00D7DEE1 /* Assets.xcassets */ = {isa = PBXFileReference; lastKnownFileType = folder.assetcatalog; path = Assets.xcassets; sourceTree = "<group>"; };
		25BDEBD72804050A00D7DEE1 /* Base */ = {isa = PBXFileReference; lastKnownFileType = file.storyboard; name = Base; path = Base.lproj/LaunchScreen.storyboard; sourceTree = "<group>"; };
		25BDEBD92804050A00D7DEE1 /* Info.plist */ = {isa = PBXFileReference; lastKnownFileType = text.plist.xml; path = Info.plist; sourceTree = "<group>"; };
		25BDEBE02804076100D7DEE1 /* BarItemView.swift */ = {isa = PBXFileReference; lastKnownFileType = sourcecode.swift; path = BarItemView.swift; sourceTree = "<group>"; };
		25BDEBE22804077E00D7DEE1 /* CardTabBarView.swift */ = {isa = PBXFileReference; lastKnownFileType = sourcecode.swift; path = CardTabBarView.swift; sourceTree = "<group>"; };
		25BDEBE42804079A00D7DEE1 /* CardTabBarController.swift */ = {isa = PBXFileReference; lastKnownFileType = sourcecode.swift; path = CardTabBarController.swift; sourceTree = "<group>"; };
		25BDEBE6280407BE00D7DEE1 /* Ex+.swift */ = {isa = PBXFileReference; lastKnownFileType = sourcecode.swift; path = "Ex+.swift"; sourceTree = "<group>"; };
		25BDEC1128040EB700D7DEE1 /* LoginViewController.swift */ = {isa = PBXFileReference; lastKnownFileType = sourcecode.swift; path = LoginViewController.swift; sourceTree = "<group>"; };
		25BDEC1228040EB700D7DEE1 /* LoginViewController.xib */ = {isa = PBXFileReference; lastKnownFileType = file.xib; path = LoginViewController.xib; sourceTree = "<group>"; };
		25BDEC1728040EF000D7DEE1 /* LabelViewController.swift */ = {isa = PBXFileReference; lastKnownFileType = sourcecode.swift; path = LabelViewController.swift; sourceTree = "<group>"; };
		25BDEC1A28040F1200D7DEE1 /* ListViewController.swift */ = {isa = PBXFileReference; lastKnownFileType = sourcecode.swift; path = ListViewController.swift; sourceTree = "<group>"; };
		25BDEC1D28040F4F00D7DEE1 /* ViewController2.swift */ = {isa = PBXFileReference; lastKnownFileType = sourcecode.swift; path = ViewController2.swift; sourceTree = "<group>"; };
		25BDEC1E28040F4F00D7DEE1 /* ViewController2.xib */ = {isa = PBXFileReference; lastKnownFileType = file.xib; path = ViewController2.xib; sourceTree = "<group>"; };
		25BDEC2328040FC400D7DEE1 /* Color.xcassets */ = {isa = PBXFileReference; lastKnownFileType = folder.assetcatalog; path = Color.xcassets; sourceTree = "<group>"; };
		25BDEC29280410CF00D7DEE1 /* TabBarController.swift */ = {isa = PBXFileReference; lastKnownFileType = sourcecode.swift; path = TabBarController.swift; sourceTree = "<group>"; };
/* End PBXFileReference section */

/* Begin PBXFrameworksBuildPhase section */
		25BDEBC52804050700D7DEE1 /* Frameworks */ = {
			isa = PBXFrameworksBuildPhase;
			buildActionMask = 2147483647;
			files = (
			);
			runOnlyForDeploymentPostprocessing = 0;
		};
/* End PBXFrameworksBuildPhase section */

/* Begin PBXGroup section */
		25BDEBBF2804050700D7DEE1 = {
			isa = PBXGroup;
			children = (
				25BDEBCA2804050700D7DEE1 /* Tabbar */,
				25BDEBC92804050700D7DEE1 /* Products */,
			);
			sourceTree = "<group>";
		};
		25BDEBC92804050700D7DEE1 /* Products */ = {
			isa = PBXGroup;
			children = (
				25BDEBC82804050700D7DEE1 /* Tabbar.app */,
			);
			name = Products;
			sourceTree = "<group>";
		};
		25BDEBCA2804050700D7DEE1 /* Tabbar */ = {
			isa = PBXGroup;
			children = (
				25BDEC1028040EA400D7DEE1 /* Screens */,
				25BDEBDF2804074500D7DEE1 /* CardTabbar */,
				25BDEBCB2804050700D7DEE1 /* AppDelegate.swift */,
				25BDEBD42804050A00D7DEE1 /* Assets.xcassets */,
				25BDEBD62804050A00D7DEE1 /* LaunchScreen.storyboard */,
				25BDEBD92804050A00D7DEE1 /* Info.plist */,
				25BDEBE6280407BE00D7DEE1 /* Ex+.swift */,
				25BDEC2328040FC400D7DEE1 /* Color.xcassets */,
				25BDEC29280410CF00D7DEE1 /* TabBarController.swift */,
			);
			path = Tabbar;
			sourceTree = "<group>";
		};
		25BDEBDF2804074500D7DEE1 /* CardTabbar */ = {
			isa = PBXGroup;
			children = (
				25BDEBE02804076100D7DEE1 /* BarItemView.swift */,
				25BDEBE22804077E00D7DEE1 /* CardTabBarView.swift */,
				25BDEBE42804079A00D7DEE1 /* CardTabBarController.swift */,
			);
			path = CardTabbar;
			sourceTree = "<group>";
		};
		25BDEC1028040EA400D7DEE1 /* Screens */ = {
			isa = PBXGroup;
			children = (
				25BDEC1128040EB700D7DEE1 /* LoginViewController.swift */,
				25BDEC1228040EB700D7DEE1 /* LoginViewController.xib */,
				25BDEC1728040EF000D7DEE1 /* LabelViewController.swift */,
				25BDEC1A28040F1200D7DEE1 /* ListViewController.swift */,
				25BDEC1D28040F4F00D7DEE1 /* ViewController2.swift */,
				25BDEC1E28040F4F00D7DEE1 /* ViewController2.xib */,
			);
			path = Screens;
			sourceTree = "<group>";
		};
/* End PBXGroup section */

/* Begin PBXNativeTarget section */
		25BDEBC72804050700D7DEE1 /* Tabbar */ = {
			isa = PBXNativeTarget;
			buildConfigurationList = 25BDEBDC2804050A00D7DEE1 /* Build configuration list for PBXNativeTarget "Tabbar" */;
			buildPhases = (
				25BDEBC42804050700D7DEE1 /* Sources */,
				25BDEBC52804050700D7DEE1 /* Frameworks */,
				25BDEBC62804050700D7DEE1 /* Resources */,
				25BDEC0928040D5400D7DEE1 /* Embed Frameworks */,
			);
			buildRules = (
			);
			dependencies = (
			);
			name = Tabbar;
			productName = Tabbar;
			productReference = 25BDEBC82804050700D7DEE1 /* Tabbar.app */;
			productType = "com.apple.product-type.application";
		};
/* End PBXNativeTarget section */

/* Begin PBXProject section */
		25BDEBC02804050700D7DEE1 /* Project object */ = {
			isa = PBXProject;
			attributes = {
				BuildIndependentTargetsInParallel = 1;
				LastSwiftUpdateCheck = 1330;
				LastUpgradeCheck = 1330;
				TargetAttributes = {
					25BDEBC72804050700D7DEE1 = {
						CreatedOnToolsVersion = 13.3;
					};
				};
			};
			buildConfigurationList = 25BDEBC32804050700D7DEE1 /* Build configuration list for PBXProject "Tabbar" */;
			compatibilityVersion = "Xcode 13.0";
			developmentRegion = en;
			hasScannedForEncodings = 0;
			knownRegions = (
				en,
				Base,
			);
			mainGroup = 25BDEBBF2804050700D7DEE1;
			productRefGroup = 25BDEBC92804050700D7DEE1 /* Products */;
			projectDirPath = "";
			projectRoot = "";
			targets = (
				25BDEBC72804050700D7DEE1 /* Tabbar */,
			);
		};
/* End PBXProject section */

/* Begin PBXResourcesBuildPhase section */
		25BDEBC62804050700D7DEE1 /* Resources */ = {
			isa = PBXResourcesBuildPhase;
			buildActionMask = 2147483647;
			files = (
				25BDEBD82804050A00D7DEE1 /* LaunchScreen.storyboard in Resources */,
				25BDEC2128040F4F00D7DEE1 /* ViewController2.xib in Resources */,
				25BDEC2428040FC400D7DEE1 /* Color.xcassets in Resources */,
				25BDEBD52804050A00D7DEE1 /* Assets.xcassets in Resources */,
				25BDEC1528040EB700D7DEE1 /* LoginViewController.xib in Resources */,
			);
			runOnlyForDeploymentPostprocessing = 0;
		};
/* End PBXResourcesBuildPhase section */

/* Begin PBXSourcesBuildPhase section */
		25BDEBC42804050700D7DEE1 /* Sources */ = {
			isa = PBXSourcesBuildPhase;
			buildActionMask = 2147483647;
			files = (
				25BDEC1328040EB700D7DEE1 /* LoginViewController.swift in Sources */,
				25BDEBE52804079A00D7DEE1 /* CardTabBarController.swift in Sources */,
				25BDEC1F28040F4F00D7DEE1 /* ViewController2.swift in Sources */,
				25BDEC2A280410D000D7DEE1 /* TabBarController.swift in Sources */,
				25BDEC1828040EF000D7DEE1 /* LabelViewController.swift in Sources */,
				25BDEBE7280407BE00D7DEE1 /* Ex+.swift in Sources */,
				25BDEBE32804077E00D7DEE1 /* CardTabBarView.swift in Sources */,
				25BDEBE12804076100D7DEE1 /* BarItemView.swift in Sources */,
				25BDEC1B28040F1200D7DEE1 /* ListViewController.swift in Sources */,
				25BDEBCC2804050700D7DEE1 /* AppDelegate.swift in Sources */,
			);
			runOnlyForDeploymentPostprocessing = 0;
		};
/* End PBXSourcesBuildPhase section */

/* Begin PBXVariantGroup section */
		25BDEBD62804050A00D7DEE1 /* LaunchScreen.storyboard */ = {
			isa = PBXVariantGroup;
			children = (
				25BDEBD72804050A00D7DEE1 /* Base */,
			);
			name = LaunchScreen.storyboard;
			sourceTree = "<group>";
		};
/* End PBXVariantGroup section */

/* Begin XCBuildConfiguration section */
		25BDEBDA2804050A00D7DEE1 /* Debug */ = {
			isa = XCBuildConfiguration;
			buildSettings = {
				ALWAYS_SEARCH_USER_PATHS = NO;
				CLANG_ANALYZER_NONNULL = YES;
				CLANG_ANALYZER_NUMBER_OBJECT_CONVERSION = YES_AGGRESSIVE;
				CLANG_CXX_LANGUAGE_STANDARD = "gnu++17";
				CLANG_ENABLE_MODULES = YES;
				CLANG_ENABLE_OBJC_ARC = YES;
				CLANG_ENABLE_OBJC_WEAK = YES;
				CLANG_WARN_BLOCK_CAPTURE_AUTORELEASING = YES;
				CLANG_WARN_BOOL_CONVERSION = YES;
				CLANG_WARN_COMMA = YES;
				CLANG_WARN_CONSTANT_CONVERSION = YES;
				CLANG_WARN_DEPRECATED_OBJC_IMPLEMENTATIONS = YES;
				CLANG_WARN_DIRECT_OBJC_ISA_USAGE = YES_ERROR;
				CLANG_WARN_DOCUMENTATION_COMMENTS = YES;
				CLANG_WARN_EMPTY_BODY = YES;
				CLANG_WARN_ENUM_CONVERSION = YES;
				CLANG_WARN_INFINITE_RECURSION = YES;
				CLANG_WARN_INT_CONVERSION = YES;
				CLANG_WARN_NON_LITERAL_NULL_CONVERSION = YES;
				CLANG_WARN_OBJC_IMPLICIT_RETAIN_SELF = YES;
				CLANG_WARN_OBJC_LITERAL_CONVERSION = YES;
				CLANG_WARN_OBJC_ROOT_CLASS = YES_ERROR;
				CLANG_WARN_QUOTED_INCLUDE_IN_FRAMEWORK_HEADER = YES;
				CLANG_WARN_RANGE_LOOP_ANALYSIS = YES;
				CLANG_WARN_STRICT_PROTOTYPES = YES;
				CLANG_WARN_SUSPICIOUS_MOVE = YES;
				CLANG_WARN_UNGUARDED_AVAILABILITY = YES_AGGRESSIVE;
				CLANG_WARN_UNREACHABLE_CODE = YES;
				CLANG_WARN__DUPLICATE_METHOD_MATCH = YES;
				COPY_PHASE_STRIP = NO;
				DEBUG_INFORMATION_FORMAT = dwarf;
				ENABLE_STRICT_OBJC_MSGSEND = YES;
				ENABLE_TESTABILITY = YES;
				GCC_C_LANGUAGE_STANDARD = gnu11;
				GCC_DYNAMIC_NO_PIC = NO;
				GCC_NO_COMMON_BLOCKS = YES;
				GCC_OPTIMIZATION_LEVEL = 0;
				GCC_PREPROCESSOR_DEFINITIONS = (
					"DEBUG=1",
					"$(inherited)",
				);
				GCC_WARN_64_TO_32_BIT_CONVERSION = YES;
				GCC_WARN_ABOUT_RETURN_TYPE = YES_ERROR;
				GCC_WARN_UNDECLARED_SELECTOR = YES;
				GCC_WARN_UNINITIALIZED_AUTOS = YES_AGGRESSIVE;
				GCC_WARN_UNUSED_FUNCTION = YES;
				GCC_WARN_UNUSED_VARIABLE = YES;
				IPHONEOS_DEPLOYMENT_TARGET = 15.4;
				MTL_ENABLE_DEBUG_INFO = INCLUDE_SOURCE;
				MTL_FAST_MATH = YES;
				ONLY_ACTIVE_ARCH = YES;
				SDKROOT = iphoneos;
				SWIFT_ACTIVE_COMPILATION_CONDITIONS = DEBUG;
				SWIFT_OPTIMIZATION_LEVEL = "-Onone";
			};
			name = Debug;
		};
		25BDEBDB2804050A00D7DEE1 /* Release */ = {
			isa = XCBuildConfiguration;
			buildSettings = {
				ALWAYS_SEARCH_USER_PATHS = NO;
				CLANG_ANALYZER_NONNULL = YES;
				CLANG_ANALYZER_NUMBER_OBJECT_CONVERSION = YES_AGGRESSIVE;
				CLANG_CXX_LANGUAGE_STANDARD = "gnu++17";
				CLANG_ENABLE_MODULES = YES;
				CLANG_ENABLE_OBJC_ARC = YES;
				CLANG_ENABLE_OBJC_WEAK = YES;
				CLANG_WARN_BLOCK_CAPTURE_AUTORELEASING = YES;
				CLANG_WARN_BOOL_CONVERSION = YES;
				CLANG_WARN_COMMA = YES;
				CLANG_WARN_CONSTANT_CONVERSION = YES;
				CLANG_WARN_DEPRECATED_OBJC_IMPLEMENTATIONS = YES;
				CLANG_WARN_DIRECT_OBJC_ISA_USAGE = YES_ERROR;
				CLANG_WARN_DOCUMENTATION_COMMENTS = YES;
				CLANG_WARN_EMPTY_BODY = YES;
				CLANG_WARN_ENUM_CONVERSION = YES;
				CLANG_WARN_INFINITE_RECURSION = YES;
				CLANG_WARN_INT_CONVERSION = YES;
				CLANG_WARN_NON_LITERAL_NULL_CONVERSION = YES;
				CLANG_WARN_OBJC_IMPLICIT_RETAIN_SELF = YES;
				CLANG_WARN_OBJC_LITERAL_CONVERSION = YES;
				CLANG_WARN_OBJC_ROOT_CLASS = YES_ERROR;
				CLANG_WARN_QUOTED_INCLUDE_IN_FRAMEWORK_HEADER = YES;
				CLANG_WARN_RANGE_LOOP_ANALYSIS = YES;
				CLANG_WARN_STRICT_PROTOTYPES = YES;
				CLANG_WARN_SUSPICIOUS_MOVE = YES;
				CLANG_WARN_UNGUARDED_AVAILABILITY = YES_AGGRESSIVE;
				CLANG_WARN_UNREACHABLE_CODE = YES;
				CLANG_WARN__DUPLICATE_METHOD_MATCH = YES;
				COPY_PHASE_STRIP = NO;
				DEBUG_INFORMATION_FORMAT = "dwarf-with-dsym";
				ENABLE_NS_ASSERTIONS = NO;
				ENABLE_STRICT_OBJC_MSGSEND = YES;
				GCC_C_LANGUAGE_STANDARD = gnu11;
				GCC_NO_COMMON_BLOCKS = YES;
				GCC_WARN_64_TO_32_BIT_CONVERSION = YES;
				GCC_WARN_ABOUT_RETURN_TYPE = YES_ERROR;
				GCC_WARN_UNDECLARED_SELECTOR = YES;
				GCC_WARN_UNINITIALIZED_AUTOS = YES_AGGRESSIVE;
				GCC_WARN_UNUSED_FUNCTION = YES;
				GCC_WARN_UNUSED_VARIABLE = YES;
				IPHONEOS_DEPLOYMENT_TARGET = 15.4;
				MTL_ENABLE_DEBUG_INFO = NO;
				MTL_FAST_MATH = YES;
				SDKROOT = iphoneos;
				SWIFT_COMPILATION_MODE = wholemodule;
				SWIFT_OPTIMIZATION_LEVEL = "-O";
				VALIDATE_PRODUCT = YES;
			};
			name = Release;
		};
		25BDEBDD2804050A00D7DEE1 /* Debug */ = {
			isa = XCBuildConfiguration;
			buildSettings = {
				ASSETCATALOG_COMPILER_APPICON_NAME = AppIcon;
				ASSETCATALOG_COMPILER_GLOBAL_ACCENT_COLOR_NAME = AccentColor;
				CODE_SIGN_STYLE = Automatic;
				CURRENT_PROJECT_VERSION = 1;
				DEVELOPMENT_TEAM = V639XPXR4D;
				FRAMEWORK_SEARCH_PATHS = (
					"$(inherited)",
					"$(PROJECT_DIR)",
				);
				GENERATE_INFOPLIST_FILE = YES;
				INFOPLIST_FILE = Tabbar/Info.plist;
				INFOPLIST_KEY_UIApplicationSupportsIndirectInputEvents = YES;
				INFOPLIST_KEY_UILaunchStoryboardName = LaunchScreen;
				INFOPLIST_KEY_UISupportedInterfaceOrientations_iPad = "UIInterfaceOrientationPortrait UIInterfaceOrientationPortraitUpsideDown UIInterfaceOrientationLandscapeLeft UIInterfaceOrientationLandscapeRight";
				INFOPLIST_KEY_UISupportedInterfaceOrientations_iPhone = "UIInterfaceOrientationPortrait UIInterfaceOrientationLandscapeLeft UIInterfaceOrientationLandscapeRight";
				LD_RUNPATH_SEARCH_PATHS = (
					"$(inherited)",
					"@executable_path/Frameworks",
				);
				MARKETING_VERSION = 1.0;
				PRODUCT_BUNDLE_IDENTIFIER = "Ibrahim-Mo-Gedami.Tabbar";
				PRODUCT_NAME = "$(TARGET_NAME)";
				SWIFT_EMIT_LOC_STRINGS = YES;
				SWIFT_VERSION = 5.0;
				TARGETED_DEVICE_FAMILY = "1,2";
			};
			name = Debug;
		};
		25BDEBDE2804050A00D7DEE1 /* Release */ = {
			isa = XCBuildConfiguration;
			buildSettings = {
				ASSETCATALOG_COMPILER_APPICON_NAME = AppIcon;
				ASSETCATALOG_COMPILER_GLOBAL_ACCENT_COLOR_NAME = AccentColor;
				CODE_SIGN_STYLE = Automatic;
				CURRENT_PROJECT_VERSION = 1;
				DEVELOPMENT_TEAM = V639XPXR4D;
				FRAMEWORK_SEARCH_PATHS = (
					"$(inherited)",
					"$(PROJECT_DIR)",
				);
				GENERATE_INFOPLIST_FILE = YES;
				INFOPLIST_FILE = Tabbar/Info.plist;
				INFOPLIST_KEY_UIApplicationSupportsIndirectInputEvents = YES;
				INFOPLIST_KEY_UILaunchStoryboardName = LaunchScreen;
				INFOPLIST_KEY_UISupportedInterfaceOrientations_iPad = "UIInterfaceOrientationPortrait UIInterfaceOrientationPortraitUpsideDown UIInterfaceOrientationLandscapeLeft UIInterfaceOrientationLandscapeRight";
				INFOPLIST_KEY_UISupportedInterfaceOrientations_iPhone = "UIInterfaceOrientationPortrait UIInterfaceOrientationLandscapeLeft UIInterfaceOrientationLandscapeRight";
				LD_RUNPATH_SEARCH_PATHS = (
					"$(inherited)",
					"@executable_path/Frameworks",
				);
				MARKETING_VERSION = 1.0;
				PRODUCT_BUNDLE_IDENTIFIER = "Ibrahim-Mo-Gedami.Tabbar";
				PRODUCT_NAME = "$(TARGET_NAME)";
				SWIFT_EMIT_LOC_STRINGS = YES;
				SWIFT_VERSION = 5.0;
				TARGETED_DEVICE_FAMILY = "1,2";
			};
			name = Release;
		};
/* End XCBuildConfiguration section */

/* Begin XCConfigurationList section */
		25BDEBC32804050700D7DEE1 /* Build configuration list for PBXProject "Tabbar" */ = {
			isa = XCConfigurationList;
			buildConfigurations = (
				25BDEBDA2804050A00D7DEE1 /* Debug */,
				25BDEBDB2804050A00D7DEE1 /* Release */,
			);
			defaultConfigurationIsVisible = 0;
			defaultConfigurationName = Release;
		};
		25BDEBDC2804050A00D7DEE1 /* Build configuration list for PBXNativeTarget "Tabbar" */ = {
			isa = XCConfigurationList;
			buildConfigurations = (
				25BDEBDD2804050A00D7DEE1 /* Debug */,
				25BDEBDE2804050A00D7DEE1 /* Release */,
			);
			defaultConfigurationIsVisible = 0;
			defaultConfigurationName = Release;
		};
/* End XCConfigurationList section */
	};
	rootObject = 25BDEBC02804050700D7DEE1 /* Project object */;
}
